
Microsoft Visual Studio Solution File, Format Version 12.00
# Visual Studio Version 16
VisualStudioVersion = 16.0.31702.278
MinimumVisualStudioVersion = 10.0.40219.1
Project("{FAE04EC0-301F-11D3-BF4B-00C04F79EFBC}") = "casinoDiceRoller", "casinoDiceRoller\casinoDiceRoller.csproj", "{BE3CD636-885D-4483-9B5B-74B8688D015C}"
EndProject
Global
	GlobalSection(SolutionConfigurationPlatforms) = preSolution
		Debug|Any CPU = Debug|Any CPU
		Release|Any CPU = Release|Any CPU
	EndGlobalSection
	GlobalSection(ProjectConfigurationPlatforms) = postSolution
		{BE3CD636-885D-4483-9B5B-74B8688D015C}.Debug|Any CPU.ActiveCfg = Debug|Any CPU
		{BE3CD636-885D-4483-9B5B-74B8688D015C}.Debug|Any CPU.Build.0 = Debug|Any CPU
		{BE3CD636-885D-4483-9B5B-74B8688D015C}.Release|Any CPU.ActiveCfg = Release|Any CPU
		{BE3CD636-885D-4483-9B5B-74B8688D015C}.Release|Any CPU.Build.0 = Release|Any CPU
	EndGlobalSection
	GlobalSection(SolutionProperties) = preSolution
		HideSolutionNode = FALSE
	EndGlobalSection
	GlobalSection(ExtensibilityGlobals) = postSolution
		SolutionGuid = {BBC55B53-6D33-4A18-84F8-AD2EC2985C24}
	EndGlobalSection
EndGlobal
